
Microsoft Visual Studio Solution File, Format Version 12.00
# Visual Studio Version 17
VisualStudioVersion = 17.3.32901.215
MinimumVisualStudioVersion = 10.0.40219.1
Project("{FAE04EC0-301F-11D3-BF4B-00C04F79EFBC}") = "MyChat", "MyChat\MyChat.csproj", "{31711F70-600E-4F38-9D78-78E60FE8335A}"
EndProject
Global
	GlobalSection(SolutionConfigurationPlatforms) = preSolution
		Debug|Any CPU = Debug|Any CPU
		Release|Any CPU = Release|Any CPU
	EndGlobalSection
	GlobalSection(ProjectConfigurationPlatforms) = postSolution
		{31711F70-600E-4F38-9D78-78E60FE8335A}.Debug|Any CPU.ActiveCfg = Debug|Any CPU
		{31711F70-600E-4F38-9D78-78E60FE8335A}.Debug|Any CPU.Build.0 = Debug|Any CPU
		{31711F70-600E-4F38-9D78-78E60FE8335A}.Release|Any CPU.ActiveCfg = Release|Any CPU
		{31711F70-600E-4F38-9D78-78E60FE8335A}.Release|Any CPU.Build.0 = Release|Any CPU
	EndGlobalSection
	GlobalSection(SolutionProperties) = preSolution
		HideSolutionNode = FALSE
	EndGlobalSection
	GlobalSection(ExtensibilityGlobals) = postSolution
		SolutionGuid = {300ED0D8-D714-4423-8546-9E91861946A4}
	EndGlobalSection
EndGlobal
